// !$*UTF8*$!
{
	archiveVersion = 1;
	classes = {
	};
	objectVersion = 48;
	objects = {

/* Begin PBXBuildFile section */
		6496195EA81C20CCF547CB79 /* libPods-OCStudyDemo.a in Frameworks */ = {isa = PBXBuildFile; fileRef = ECC17315F84A671E2003D0ED /* libPods-OCStudyDemo.a */; };
		702C8827207EF1A700903EC1 /* OCSDBaseVC.m in Sources */ = {isa = PBXBuildFile; fileRef = 702C8826207EF1A700903EC1 /* OCSDBaseVC.m */; };
		702C882A207EF21D00903EC1 /* OCSDBaseTabBarController.m in Sources */ = {isa = PBXBuildFile; fileRef = 702C8829207EF21D00903EC1 /* OCSDBaseTabBarController.m */; };
		702C882D207EF25900903EC1 /* OCSDBaseNavController.m in Sources */ = {isa = PBXBuildFile; fileRef = 702C882C207EF25900903EC1 /* OCSDBaseNavController.m */; };
		702C8832207EFAE200903EC1 /* OCSDBaseModel.m in Sources */ = {isa = PBXBuildFile; fileRef = 702C8831207EFAE100903EC1 /* OCSDBaseModel.m */; };
		702C8835207EFB3600903EC1 /* OCSDBaseContainerVC.m in Sources */ = {isa = PBXBuildFile; fileRef = 702C8834207EFB3600903EC1 /* OCSDBaseContainerVC.m */; };
		702C8838207EFE9E00903EC1 /* OCSDNavController.m in Sources */ = {isa = PBXBuildFile; fileRef = 702C8837207EFE9E00903EC1 /* OCSDNavController.m */; };
		702C883B207EFEDC00903EC1 /* OCSDTabBarController.m in Sources */ = {isa = PBXBuildFile; fileRef = 702C883A207EFEDC00903EC1 /* OCSDTabBarController.m */; };
		70C3FEC02076709800E7B9F6 /* AppDelegate.m in Sources */ = {isa = PBXBuildFile; fileRef = 70C3FEBF2076709800E7B9F6 /* AppDelegate.m */; };
		70C3FEC62076709800E7B9F6 /* Main.storyboard in Resources */ = {isa = PBXBuildFile; fileRef = 70C3FEC42076709800E7B9F6 /* Main.storyboard */; };
		70C3FEC82076709800E7B9F6 /* Assets.xcassets in Resources */ = {isa = PBXBuildFile; fileRef = 70C3FEC72076709800E7B9F6 /* Assets.xcassets */; };
		70C3FECB2076709800E7B9F6 /* LaunchScreen.storyboard in Resources */ = {isa = PBXBuildFile; fileRef = 70C3FEC92076709800E7B9F6 /* LaunchScreen.storyboard */; };
		70C3FECE2076709800E7B9F6 /* main.m in Sources */ = {isa = PBXBuildFile; fileRef = 70C3FECD2076709800E7B9F6 /* main.m */; };
		70C3FED82076709800E7B9F6 /* OCStudyDemoTests.m in Sources */ = {isa = PBXBuildFile; fileRef = 70C3FED72076709800E7B9F6 /* OCStudyDemoTests.m */; };
		70C3FEE32076709800E7B9F6 /* OCStudyDemoUITests.m in Sources */ = {isa = PBXBuildFile; fileRef = 70C3FEE22076709800E7B9F6 /* OCStudyDemoUITests.m */; };
/* End PBXBuildFile section */

/* Begin PBXContainerItemProxy section */
		70C3FED42076709800E7B9F6 /* PBXContainerItemProxy */ = {
			isa = PBXContainerItemProxy;
			containerPortal = 70C3FEB32076709800E7B9F6 /* Project object */;
			proxyType = 1;
			remoteGlobalIDString = 70C3FEBA2076709800E7B9F6;
			remoteInfo = OCStudyDemo;
		};
		70C3FEDF2076709800E7B9F6 /* PBXContainerItemProxy */ = {
			isa = PBXContainerItemProxy;
			containerPortal = 70C3FEB32076709800E7B9F6 /* Project object */;
			proxyType = 1;
			remoteGlobalIDString = 70C3FEBA2076709800E7B9F6;
			remoteInfo = OCStudyDemo;
		};
/* End PBXContainerItemProxy section */

/* Begin PBXFileReference section */
		0ABF94D969B0DD92E6DCC5E7 /* Pods-OCStudyDemo.debug.xcconfig */ = {isa = PBXFileReference; includeInIndex = 1; lastKnownFileType = text.xcconfig; name = "Pods-OCStudyDemo.debug.xcconfig"; path = "Pods/Target Support Files/Pods-OCStudyDemo/Pods-OCStudyDemo.debug.xcconfig"; sourceTree = "<group>"; };
		702C8825207EF1A700903EC1 /* OCSDBaseVC.h */ = {isa = PBXFileReference; lastKnownFileType = sourcecode.c.h; path = OCSDBaseVC.h; sourceTree = "<group>"; };
		702C8826207EF1A700903EC1 /* OCSDBaseVC.m */ = {isa = PBXFileReference; lastKnownFileType = sourcecode.c.objc; path = OCSDBaseVC.m; sourceTree = "<group>"; };
		702C8828207EF21D00903EC1 /* OCSDBaseTabBarController.h */ = {isa = PBXFileReference; lastKnownFileType = sourcecode.c.h; path = OCSDBaseTabBarController.h; sourceTree = "<group>"; };
		702C8829207EF21D00903EC1 /* OCSDBaseTabBarController.m */ = {isa = PBXFileReference; lastKnownFileType = sourcecode.c.objc; path = OCSDBaseTabBarController.m; sourceTree = "<group>"; };
		702C882B207EF25900903EC1 /* OCSDBaseNavController.h */ = {isa = PBXFileReference; lastKnownFileType = sourcecode.c.h; path = OCSDBaseNavController.h; sourceTree = "<group>"; };
		702C882C207EF25900903EC1 /* OCSDBaseNavController.m */ = {isa = PBXFileReference; lastKnownFileType = sourcecode.c.objc; path = OCSDBaseNavController.m; sourceTree = "<group>"; };
		702C882F207EF7DC00903EC1 /* OCStudyPrefixHeader.pch */ = {isa = PBXFileReference; lastKnownFileType = sourcecode.c.h; path = OCStudyPrefixHeader.pch; sourceTree = "<group>"; };
		702C8830207EFAE100903EC1 /* OCSDBaseModel.h */ = {isa = PBXFileReference; lastKnownFileType = sourcecode.c.h; path = OCSDBaseModel.h; sourceTree = "<group>"; };
		702C8831207EFAE100903EC1 /* OCSDBaseModel.m */ = {isa = PBXFileReference; lastKnownFileType = sourcecode.c.objc; path = OCSDBaseModel.m; sourceTree = "<group>"; };
		702C8833207EFB3600903EC1 /* OCSDBaseContainerVC.h */ = {isa = PBXFileReference; lastKnownFileType = sourcecode.c.h; path = OCSDBaseContainerVC.h; sourceTree = "<group>"; };
		702C8834207EFB3600903EC1 /* OCSDBaseContainerVC.m */ = {isa = PBXFileReference; lastKnownFileType = sourcecode.c.objc; path = OCSDBaseContainerVC.m; sourceTree = "<group>"; };
		702C8836207EFE9E00903EC1 /* OCSDNavController.h */ = {isa = PBXFileReference; lastKnownFileType = sourcecode.c.h; path = OCSDNavController.h; sourceTree = "<group>"; };
		702C8837207EFE9E00903EC1 /* OCSDNavController.m */ = {isa = PBXFileReference; lastKnownFileType = sourcecode.c.objc; path = OCSDNavController.m; sourceTree = "<group>"; };
		702C8839207EFEDC00903EC1 /* OCSDTabBarController.h */ = {isa = PBXFileReference; lastKnownFileType = sourcecode.c.h; path = OCSDTabBarController.h; sourceTree = "<group>"; };
		702C883A207EFEDC00903EC1 /* OCSDTabBarController.m */ = {isa = PBXFileReference; lastKnownFileType = sourcecode.c.objc; path = OCSDTabBarController.m; sourceTree = "<group>"; };
		702C883D207F031F00903EC1 /* APPMacros.h */ = {isa = PBXFileReference; lastKnownFileType = sourcecode.c.h; path = APPMacros.h; sourceTree = "<group>"; };
		702C883E207F037100903EC1 /* NotificationMacros.h */ = {isa = PBXFileReference; lastKnownFileType = sourcecode.c.h; path = NotificationMacros.h; sourceTree = "<group>"; };
		702C883F207F039600903EC1 /* UtilsMacros.h */ = {isa = PBXFileReference; lastKnownFileType = sourcecode.c.h; path = UtilsMacros.h; sourceTree = "<group>"; };
		702C8840207F042C00903EC1 /* ColorMacros.h */ = {isa = PBXFileReference; lastKnownFileType = sourcecode.c.h; path = ColorMacros.h; sourceTree = "<group>"; };
		70C3FEBB2076709800E7B9F6 /* OCStudyDemo.app */ = {isa = PBXFileReference; explicitFileType = wrapper.application; includeInIndex = 0; path = OCStudyDemo.app; sourceTree = BUILT_PRODUCTS_DIR; };
		70C3FEBE2076709800E7B9F6 /* AppDelegate.h */ = {isa = PBXFileReference; lastKnownFileType = sourcecode.c.h; path = AppDelegate.h; sourceTree = "<group>"; };
		70C3FEBF2076709800E7B9F6 /* AppDelegate.m */ = {isa = PBXFileReference; lastKnownFileType = sourcecode.c.objc; path = AppDelegate.m; sourceTree = "<group>"; };
		70C3FEC52076709800E7B9F6 /* Base */ = {isa = PBXFileReference; lastKnownFileType = file.storyboard; name = Base; path = Base.lproj/Main.storyboard; sourceTree = "<group>"; };
		70C3FEC72076709800E7B9F6 /* Assets.xcassets */ = {isa = PBXFileReference; lastKnownFileType = folder.assetcatalog; path = Assets.xcassets; sourceTree = "<group>"; };
		70C3FECA2076709800E7B9F6 /* Base */ = {isa = PBXFileReference; lastKnownFileType = file.storyboard; name = Base; path = Base.lproj/LaunchScreen.storyboard; sourceTree = "<group>"; };
		70C3FECC2076709800E7B9F6 /* Info.plist */ = {isa = PBXFileReference; lastKnownFileType = text.plist.xml; path = Info.plist; sourceTree = "<group>"; };
		70C3FECD2076709800E7B9F6 /* main.m */ = {isa = PBXFileReference; lastKnownFileType = sourcecode.c.objc; path = main.m; sourceTree = "<group>"; };
		70C3FED32076709800E7B9F6 /* OCStudyDemoTests.xctest */ = {isa = PBXFileReference; explicitFileType = wrapper.cfbundle; includeInIndex = 0; path = OCStudyDemoTests.xctest; sourceTree = BUILT_PRODUCTS_DIR; };
		70C3FED72076709800E7B9F6 /* OCStudyDemoTests.m */ = {isa = PBXFileReference; lastKnownFileType = sourcecode.c.objc; path = OCStudyDemoTests.m; sourceTree = "<group>"; };
		70C3FED92076709800E7B9F6 /* Info.plist */ = {isa = PBXFileReference; lastKnownFileType = text.plist.xml; path = Info.plist; sourceTree = "<group>"; };
		70C3FEDE2076709800E7B9F6 /* OCStudyDemoUITests.xctest */ = {isa = PBXFileReference; explicitFileType = wrapper.cfbundle; includeInIndex = 0; path = OCStudyDemoUITests.xctest; sourceTree = BUILT_PRODUCTS_DIR; };
		70C3FEE22076709800E7B9F6 /* OCStudyDemoUITests.m */ = {isa = PBXFileReference; lastKnownFileType = sourcecode.c.objc; path = OCStudyDemoUITests.m; sourceTree = "<group>"; };
		70C3FEE42076709800E7B9F6 /* Info.plist */ = {isa = PBXFileReference; lastKnownFileType = text.plist.xml; path = Info.plist; sourceTree = "<group>"; };
		ECC17315F84A671E2003D0ED /* libPods-OCStudyDemo.a */ = {isa = PBXFileReference; explicitFileType = archive.ar; includeInIndex = 0; path = "libPods-OCStudyDemo.a"; sourceTree = BUILT_PRODUCTS_DIR; };
		ED897EE886AF1EB7093B738F /* Pods-OCStudyDemo.release.xcconfig */ = {isa = PBXFileReference; includeInIndex = 1; lastKnownFileType = text.xcconfig; name = "Pods-OCStudyDemo.release.xcconfig"; path = "Pods/Target Support Files/Pods-OCStudyDemo/Pods-OCStudyDemo.release.xcconfig"; sourceTree = "<group>"; };
/* End PBXFileReference section */

/* Begin PBXFrameworksBuildPhase section */
		70C3FEB82076709800E7B9F6 /* Frameworks */ = {
			isa = PBXFrameworksBuildPhase;
			buildActionMask = 2147483647;
			files = (
				6496195EA81C20CCF547CB79 /* libPods-OCStudyDemo.a in Frameworks */,
			);
			runOnlyForDeploymentPostprocessing = 0;
		};
		70C3FED02076709800E7B9F6 /* Frameworks */ = {
			isa = PBXFrameworksBuildPhase;
			buildActionMask = 2147483647;
			files = (
			);
			runOnlyForDeploymentPostprocessing = 0;
		};
		70C3FEDB2076709800E7B9F6 /* Frameworks */ = {
			isa = PBXFrameworksBuildPhase;
			buildActionMask = 2147483647;
			files = (
			);
			runOnlyForDeploymentPostprocessing = 0;
		};
/* End PBXFrameworksBuildPhase section */

/* Begin PBXGroup section */
		70035784207C552500F9449D /* Graph */ = {
			isa = PBXGroup;
			children = (
			);
			path = Graph;
			sourceTree = "<group>";
		};
		70035785207C556B00F9449D /* Main */ = {
			isa = PBXGroup;
			children = (
				702C8823207EF16B00903EC1 /* Base */,
				702C8824207EF17400903EC1 /* Index */,
				70035784207C552500F9449D /* Graph */,
			);
			path = Main;
			sourceTree = "<group>";
		};
		70035786207C561000F9449D /* Expand */ = {
			isa = PBXGroup;
			children = (
				7003578D207C56C800F9449D /* Tool */,
				7003578C207C56B600F9449D /* Const */,
				7003578B207C56A900F9449D /* Category */,
				7003578A207C569A00F9449D /* Macros */,
			);
			path = Expand;
			sourceTree = "<group>";
		};
		70035787207C561B00F9449D /* Other */ = {
			isa = PBXGroup;
			children = (
				70C3FECC2076709800E7B9F6 /* Info.plist */,
				70C3FEBE2076709800E7B9F6 /* AppDelegate.h */,
				70C3FEBF2076709800E7B9F6 /* AppDelegate.m */,
				702C8836207EFE9E00903EC1 /* OCSDNavController.h */,
				702C8837207EFE9E00903EC1 /* OCSDNavController.m */,
				702C8839207EFEDC00903EC1 /* OCSDTabBarController.h */,
				702C883A207EFEDC00903EC1 /* OCSDTabBarController.m */,
				70C3FEC72076709800E7B9F6 /* Assets.xcassets */,
				70C3FEC42076709800E7B9F6 /* Main.storyboard */,
				70C3FEC92076709800E7B9F6 /* LaunchScreen.storyboard */,
				70C3FECD2076709800E7B9F6 /* main.m */,
				702C882F207EF7DC00903EC1 /* OCStudyPrefixHeader.pch */,
			);
			path = Other;
			sourceTree = "<group>";
		};
		70035788207C564C00F9449D /* Resource */ = {
			isa = PBXGroup;
			children = (
			);
			path = Resource;
			sourceTree = "<group>";
		};
		70035789207C565600F9449D /* Vender */ = {
			isa = PBXGroup;
			children = (
			);
			path = Vender;
			sourceTree = "<group>";
		};
		7003578A207C569A00F9449D /* Macros */ = {
			isa = PBXGroup;
			children = (
				702C883D207F031F00903EC1 /* APPMacros.h */,
				702C883E207F037100903EC1 /* NotificationMacros.h */,
				702C883F207F039600903EC1 /* UtilsMacros.h */,
				702C8840207F042C00903EC1 /* ColorMacros.h */,
			);
			path = Macros;
			sourceTree = "<group>";
		};
		7003578B207C56A900F9449D /* Category */ = {
			isa = PBXGroup;
			children = (
			);
			path = Category;
			sourceTree = "<group>";
		};
		7003578C207C56B600F9449D /* Const */ = {
			isa = PBXGroup;
			children = (
			);
			path = Const;
			sourceTree = "<group>";
		};
		7003578D207C56C800F9449D /* Tool */ = {
			isa = PBXGroup;
			children = (
			);
			path = Tool;
			sourceTree = "<group>";
		};
		702C8823207EF16B00903EC1 /* Base */ = {
			isa = PBXGroup;
			children = (
				702C8825207EF1A700903EC1 /* OCSDBaseVC.h */,
				702C8826207EF1A700903EC1 /* OCSDBaseVC.m */,
				702C8828207EF21D00903EC1 /* OCSDBaseTabBarController.h */,
				702C8829207EF21D00903EC1 /* OCSDBaseTabBarController.m */,
				702C882B207EF25900903EC1 /* OCSDBaseNavController.h */,
				702C882C207EF25900903EC1 /* OCSDBaseNavController.m */,
				702C8830207EFAE100903EC1 /* OCSDBaseModel.h */,
				702C8831207EFAE100903EC1 /* OCSDBaseModel.m */,
				702C8833207EFB3600903EC1 /* OCSDBaseContainerVC.h */,
				702C8834207EFB3600903EC1 /* OCSDBaseContainerVC.m */,
			);
			path = Base;
			sourceTree = "<group>";
		};
		702C8824207EF17400903EC1 /* Index */ = {
			isa = PBXGroup;
			children = (
			);
			path = Index;
			sourceTree = "<group>";
		};
		702C882E207EF78800903EC1 /* Info */ = {
			isa = PBXGroup;
			children = (
			);
			path = Info;
			sourceTree = "<group>";
		};
		70C3FEB22076709800E7B9F6 = {
			isa = PBXGroup;
			children = (
				70C3FEBD2076709800E7B9F6 /* OCStudyDemo */,
				70C3FED62076709800E7B9F6 /* OCStudyDemoTests */,
				70C3FEE12076709800E7B9F6 /* OCStudyDemoUITests */,
				70C3FEBC2076709800E7B9F6 /* Products */,
				A0BCDF91DCC1F9E015C77237 /* Pods */,
				8785ACC8705CE303FFF1220E /* Frameworks */,
			);
			sourceTree = "<group>";
		};
		70C3FEBC2076709800E7B9F6 /* Products */ = {
			isa = PBXGroup;
			children = (
				70C3FEBB2076709800E7B9F6 /* OCStudyDemo.app */,
				70C3FED32076709800E7B9F6 /* OCStudyDemoTests.xctest */,
				70C3FEDE2076709800E7B9F6 /* OCStudyDemoUITests.xctest */,
			);
			name = Products;
			sourceTree = "<group>";
		};
		70C3FEBD2076709800E7B9F6 /* OCStudyDemo */ = {
			isa = PBXGroup;
			children = (
				702C882E207EF78800903EC1 /* Info */,
				70035789207C565600F9449D /* Vender */,
				70035788207C564C00F9449D /* Resource */,
				70035787207C561B00F9449D /* Other */,
				70035786207C561000F9449D /* Expand */,
				70035785207C556B00F9449D /* Main */,
			);
			path = OCStudyDemo;
			sourceTree = "<group>";
		};
		70C3FED62076709800E7B9F6 /* OCStudyDemoTests */ = {
			isa = PBXGroup;
			children = (
				70C3FED72076709800E7B9F6 /* OCStudyDemoTests.m */,
				70C3FED92076709800E7B9F6 /* Info.plist */,
			);
			path = OCStudyDemoTests;
			sourceTree = "<group>";
		};
		70C3FEE12076709800E7B9F6 /* OCStudyDemoUITests */ = {
			isa = PBXGroup;
			children = (
				70C3FEE22076709800E7B9F6 /* OCStudyDemoUITests.m */,
				70C3FEE42076709800E7B9F6 /* Info.plist */,
			);
			path = OCStudyDemoUITests;
			sourceTree = "<group>";
		};
		8785ACC8705CE303FFF1220E /* Frameworks */ = {
			isa = PBXGroup;
			children = (
				ECC17315F84A671E2003D0ED /* libPods-OCStudyDemo.a */,
			);
			name = Frameworks;
			sourceTree = "<group>";
		};
		A0BCDF91DCC1F9E015C77237 /* Pods */ = {
			isa = PBXGroup;
			children = (
				0ABF94D969B0DD92E6DCC5E7 /* Pods-OCStudyDemo.debug.xcconfig */,
				ED897EE886AF1EB7093B738F /* Pods-OCStudyDemo.release.xcconfig */,
			);
			name = Pods;
			sourceTree = "<group>";
		};
/* End PBXGroup section */

/* Begin PBXNativeTarget section */
		70C3FEBA2076709800E7B9F6 /* OCStudyDemo */ = {
			isa = PBXNativeTarget;
			buildConfigurationList = 70C3FEE72076709800E7B9F6 /* Build configuration list for PBXNativeTarget "OCStudyDemo" */;
			buildPhases = (
				6980E8221901742EDE29483A /* [CP] Check Pods Manifest.lock */,
				70C3FEB72076709800E7B9F6 /* Sources */,
				70C3FEB82076709800E7B9F6 /* Frameworks */,
				70C3FEB92076709800E7B9F6 /* Resources */,
				8584C2AA166F6777D1184525 /* [CP] Embed Pods Frameworks */,
				110783776E00C514211509BF /* [CP] Copy Pods Resources */,
			);
			buildRules = (
			);
			dependencies = (
			);
			name = OCStudyDemo;
			productName = OCStudyDemo;
			productReference = 70C3FEBB2076709800E7B9F6 /* OCStudyDemo.app */;
			productType = "com.apple.product-type.application";
		};
		70C3FED22076709800E7B9F6 /* OCStudyDemoTests */ = {
			isa = PBXNativeTarget;
			buildConfigurationList = 70C3FEEA2076709800E7B9F6 /* Build configuration list for PBXNativeTarget "OCStudyDemoTests" */;
			buildPhases = (
				70C3FECF2076709800E7B9F6 /* Sources */,
				70C3FED02076709800E7B9F6 /* Frameworks */,
				70C3FED12076709800E7B9F6 /* Resources */,
			);
			buildRules = (
			);
			dependencies = (
				70C3FED52076709800E7B9F6 /* PBXTargetDependency */,
			);
			name = OCStudyDemoTests;
			productName = OCStudyDemoTests;
			productReference = 70C3FED32076709800E7B9F6 /* OCStudyDemoTests.xctest */;
			productType = "com.apple.product-type.bundle.unit-test";
		};
		70C3FEDD2076709800E7B9F6 /* OCStudyDemoUITests */ = {
			isa = PBXNativeTarget;
			buildConfigurationList = 70C3FEED2076709800E7B9F6 /* Build configuration list for PBXNativeTarget "OCStudyDemoUITests" */;
			buildPhases = (
				70C3FEDA2076709800E7B9F6 /* Sources */,
				70C3FEDB2076709800E7B9F6 /* Frameworks */,
				70C3FEDC2076709800E7B9F6 /* Resources */,
			);
			buildRules = (
			);
			dependencies = (
				70C3FEE02076709800E7B9F6 /* PBXTargetDependency */,
			);
			name = OCStudyDemoUITests;
			productName = OCStudyDemoUITests;
			productReference = 70C3FEDE2076709800E7B9F6 /* OCStudyDemoUITests.xctest */;
			productType = "com.apple.product-type.bundle.ui-testing";
		};
/* End PBXNativeTarget section */

/* Begin PBXProject section */
		70C3FEB32076709800E7B9F6 /* Project object */ = {
			isa = PBXProject;
			attributes = {
				LastUpgradeCheck = 0920;
				ORGANIZATIONNAME = wunan;
				TargetAttributes = {
					70C3FEBA2076709800E7B9F6 = {
						CreatedOnToolsVersion = 9.2;
						ProvisioningStyle = Automatic;
					};
					70C3FED22076709800E7B9F6 = {
						CreatedOnToolsVersion = 9.2;
						ProvisioningStyle = Automatic;
						TestTargetID = 70C3FEBA2076709800E7B9F6;
					};
					70C3FEDD2076709800E7B9F6 = {
						CreatedOnToolsVersion = 9.2;
						ProvisioningStyle = Automatic;
						TestTargetID = 70C3FEBA2076709800E7B9F6;
					};
				};
			};
			buildConfigurationList = 70C3FEB62076709800E7B9F6 /* Build configuration list for PBXProject "OCStudyDemo" */;
			compatibilityVersion = "Xcode 8.0";
			developmentRegion = en;
			hasScannedForEncodings = 0;
			knownRegions = (
				en,
				Base,
			);
			mainGroup = 70C3FEB22076709800E7B9F6;
			productRefGroup = 70C3FEBC2076709800E7B9F6 /* Products */;
			projectDirPath = "";
			projectRoot = "";
			targets = (
				70C3FEBA2076709800E7B9F6 /* OCStudyDemo */,
				70C3FED22076709800E7B9F6 /* OCStudyDemoTests */,
				70C3FEDD2076709800E7B9F6 /* OCStudyDemoUITests */,
			);
		};
/* End PBXProject section */

/* Begin PBXResourcesBuildPhase section */
		70C3FEB92076709800E7B9F6 /* Resources */ = {
			isa = PBXResourcesBuildPhase;
			buildActionMask = 2147483647;
			files = (
				70C3FECB2076709800E7B9F6 /* LaunchScreen.storyboard in Resources */,
				70C3FEC82076709800E7B9F6 /* Assets.xcassets in Resources */,
				70C3FEC62076709800E7B9F6 /* Main.storyboard in Resources */,
			);
			runOnlyForDeploymentPostprocessing = 0;
		};
		70C3FED12076709800E7B9F6 /* Resources */ = {
			isa = PBXResourcesBuildPhase;
			buildActionMask = 2147483647;
			files = (
			);
			runOnlyForDeploymentPostprocessing = 0;
		};
		70C3FEDC2076709800E7B9F6 /* Resources */ = {
			isa = PBXResourcesBuildPhase;
			buildActionMask = 2147483647;
			files = (
			);
			runOnlyForDeploymentPostprocessing = 0;
		};
/* End PBXResourcesBuildPhase section */

/* Begin PBXShellScriptBuildPhase section */
		110783776E00C514211509BF /* [CP] Copy Pods Resources */ = {
			isa = PBXShellScriptBuildPhase;
			buildActionMask = 2147483647;
			files = (
			);
			inputPaths = (
				"${SRCROOT}/Pods/Target Support Files/Pods-OCStudyDemo/Pods-OCStudyDemo-resources.sh",
				"${PODS_ROOT}/MJRefresh/MJRefresh/MJRefresh.bundle",
			);
			name = "[CP] Copy Pods Resources";
			outputPaths = (
				"${TARGET_BUILD_DIR}/${UNLOCALIZED_RESOURCES_FOLDER_PATH}",
			);
			runOnlyForDeploymentPostprocessing = 0;
			shellPath = /bin/sh;
			shellScript = "\"${SRCROOT}/Pods/Target Support Files/Pods-OCStudyDemo/Pods-OCStudyDemo-resources.sh\"\n";
			showEnvVarsInLog = 0;
		};
		6980E8221901742EDE29483A /* [CP] Check Pods Manifest.lock */ = {
			isa = PBXShellScriptBuildPhase;
			buildActionMask = 2147483647;
			files = (
			);
			inputPaths = (
				"${PODS_PODFILE_DIR_PATH}/Podfile.lock",
				"${PODS_ROOT}/Manifest.lock",
			);
			name = "[CP] Check Pods Manifest.lock";
			outputPaths = (
				"$(DERIVED_FILE_DIR)/Pods-OCStudyDemo-checkManifestLockResult.txt",
			);
			runOnlyForDeploymentPostprocessing = 0;
			shellPath = /bin/sh;
			shellScript = "diff \"${PODS_PODFILE_DIR_PATH}/Podfile.lock\" \"${PODS_ROOT}/Manifest.lock\" > /dev/null\nif [ $? != 0 ] ; then\n    # print error to STDERR\n    echo \"error: The sandbox is not in sync with the Podfile.lock. Run 'pod install' or update your CocoaPods installation.\" >&2\n    exit 1\nfi\n# This output is used by Xcode 'outputs' to avoid re-running this script phase.\necho \"SUCCESS\" > \"${SCRIPT_OUTPUT_FILE_0}\"\n";
			showEnvVarsInLog = 0;
		};
		8584C2AA166F6777D1184525 /* [CP] Embed Pods Frameworks */ = {
			isa = PBXShellScriptBuildPhase;
			buildActionMask = 2147483647;
			files = (
			);
			inputPaths = (
			);
			name = "[CP] Embed Pods Frameworks";
			outputPaths = (
			);
			runOnlyForDeploymentPostprocessing = 0;
			shellPath = /bin/sh;
			shellScript = "\"${SRCROOT}/Pods/Target Support Files/Pods-OCStudyDemo/Pods-OCStudyDemo-frameworks.sh\"\n";
			showEnvVarsInLog = 0;
		};
/* End PBXShellScriptBuildPhase section */

/* Begin PBXSourcesBuildPhase section */
		70C3FEB72076709800E7B9F6 /* Sources */ = {
			isa = PBXSourcesBuildPhase;
			buildActionMask = 2147483647;
			files = (
				702C8835207EFB3600903EC1 /* OCSDBaseContainerVC.m in Sources */,
				702C882A207EF21D00903EC1 /* OCSDBaseTabBarController.m in Sources */,
				702C8838207EFE9E00903EC1 /* OCSDNavController.m in Sources */,
				702C8832207EFAE200903EC1 /* OCSDBaseModel.m in Sources */,
				702C8827207EF1A700903EC1 /* OCSDBaseVC.m in Sources */,
				702C883B207EFEDC00903EC1 /* OCSDTabBarController.m in Sources */,
				702C882D207EF25900903EC1 /* OCSDBaseNavController.m in Sources */,
				70C3FECE2076709800E7B9F6 /* main.m in Sources */,
				70C3FEC02076709800E7B9F6 /* AppDelegate.m in Sources */,
			);
			runOnlyForDeploymentPostprocessing = 0;
		};
		70C3FECF2076709800E7B9F6 /* Sources */ = {
			isa = PBXSourcesBuildPhase;
			buildActionMask = 2147483647;
			files = (
				70C3FED82076709800E7B9F6 /* OCStudyDemoTests.m in Sources */,
			);
			runOnlyForDeploymentPostprocessing = 0;
		};
		70C3FEDA2076709800E7B9F6 /* Sources */ = {
			isa = PBXSourcesBuildPhase;
			buildActionMask = 2147483647;
			files = (
				70C3FEE32076709800E7B9F6 /* OCStudyDemoUITests.m in Sources */,
			);
			runOnlyForDeploymentPostprocessing = 0;
		};
/* End PBXSourcesBuildPhase section */

/* Begin PBXTargetDependency section */
		70C3FED52076709800E7B9F6 /* PBXTargetDependency */ = {
			isa = PBXTargetDependency;
			target = 70C3FEBA2076709800E7B9F6 /* OCStudyDemo */;
			targetProxy = 70C3FED42076709800E7B9F6 /* PBXContainerItemProxy */;
		};
		70C3FEE02076709800E7B9F6 /* PBXTargetDependency */ = {
			isa = PBXTargetDependency;
			target = 70C3FEBA2076709800E7B9F6 /* OCStudyDemo */;
			targetProxy = 70C3FEDF2076709800E7B9F6 /* PBXContainerItemProxy */;
		};
/* End PBXTargetDependency section */

/* Begin PBXVariantGroup section */
		70C3FEC42076709800E7B9F6 /* Main.storyboard */ = {
			isa = PBXVariantGroup;
			children = (
				70C3FEC52076709800E7B9F6 /* Base */,
			);
			name = Main.storyboard;
			sourceTree = "<group>";
		};
		70C3FEC92076709800E7B9F6 /* LaunchScreen.storyboard */ = {
			isa = PBXVariantGroup;
			children = (
				70C3FECA2076709800E7B9F6 /* Base */,
			);
			name = LaunchScreen.storyboard;
			sourceTree = "<group>";
		};
/* End PBXVariantGroup section */

/* Begin XCBuildConfiguration section */
		70C3FEE52076709800E7B9F6 /* Debug */ = {
			isa = XCBuildConfiguration;
			buildSettings = {
				ALWAYS_SEARCH_USER_PATHS = NO;
				CLANG_ANALYZER_NONNULL = YES;
				CLANG_ANALYZER_NUMBER_OBJECT_CONVERSION = YES_AGGRESSIVE;
				CLANG_CXX_LANGUAGE_STANDARD = "gnu++14";
				CLANG_CXX_LIBRARY = "libc++";
				CLANG_ENABLE_MODULES = YES;
				CLANG_ENABLE_OBJC_ARC = YES;
				CLANG_WARN_BLOCK_CAPTURE_AUTORELEASING = YES;
				CLANG_WARN_BOOL_CONVERSION = YES;
				CLANG_WARN_COMMA = YES;
				CLANG_WARN_CONSTANT_CONVERSION = YES;
				CLANG_WARN_DIRECT_OBJC_ISA_USAGE = YES_ERROR;
				CLANG_WARN_DOCUMENTATION_COMMENTS = YES;
				CLANG_WARN_EMPTY_BODY = YES;
				CLANG_WARN_ENUM_CONVERSION = YES;
				CLANG_WARN_INFINITE_RECURSION = YES;
				CLANG_WARN_INT_CONVERSION = YES;
				CLANG_WARN_NON_LITERAL_NULL_CONVERSION = YES;
				CLANG_WARN_OBJC_LITERAL_CONVERSION = YES;
				CLANG_WARN_OBJC_ROOT_CLASS = YES_ERROR;
				CLANG_WARN_RANGE_LOOP_ANALYSIS = YES;
				CLANG_WARN_STRICT_PROTOTYPES = YES;
				CLANG_WARN_SUSPICIOUS_MOVE = YES;
				CLANG_WARN_UNGUARDED_AVAILABILITY = YES_AGGRESSIVE;
				CLANG_WARN_UNREACHABLE_CODE = YES;
				CLANG_WARN__DUPLICATE_METHOD_MATCH = YES;
				CODE_SIGN_IDENTITY = "iPhone Developer";
				COPY_PHASE_STRIP = NO;
				DEBUG_INFORMATION_FORMAT = dwarf;
				ENABLE_STRICT_OBJC_MSGSEND = YES;
				ENABLE_TESTABILITY = YES;
				GCC_C_LANGUAGE_STANDARD = gnu11;
				GCC_DYNAMIC_NO_PIC = NO;
				GCC_NO_COMMON_BLOCKS = YES;
				GCC_OPTIMIZATION_LEVEL = 0;
				GCC_PREPROCESSOR_DEFINITIONS = (
					"DEBUG=1",
					"$(inherited)",
				);
				GCC_WARN_64_TO_32_BIT_CONVERSION = YES;
				GCC_WARN_ABOUT_RETURN_TYPE = YES_ERROR;
				GCC_WARN_UNDECLARED_SELECTOR = YES;
				GCC_WARN_UNINITIALIZED_AUTOS = YES_AGGRESSIVE;
				GCC_WARN_UNUSED_FUNCTION = YES;
				GCC_WARN_UNUSED_VARIABLE = YES;
				IPHONEOS_DEPLOYMENT_TARGET = 11.2;
				MTL_ENABLE_DEBUG_INFO = YES;
				ONLY_ACTIVE_ARCH = YES;
				SDKROOT = iphoneos;
			};
			name = Debug;
		};
		70C3FEE62076709800E7B9F6 /* Release */ = {
			isa = XCBuildConfiguration;
			buildSettings = {
				ALWAYS_SEARCH_USER_PATHS = NO;
				CLANG_ANALYZER_NONNULL = YES;
				CLANG_ANALYZER_NUMBER_OBJECT_CONVERSION = YES_AGGRESSIVE;
				CLANG_CXX_LANGUAGE_STANDARD = "gnu++14";
				CLANG_CXX_LIBRARY = "libc++";
				CLANG_ENABLE_MODULES = YES;
				CLANG_ENABLE_OBJC_ARC = YES;
				CLANG_WARN_BLOCK_CAPTURE_AUTORELEASING = YES;
				CLANG_WARN_BOOL_CONVERSION = YES;
				CLANG_WARN_COMMA = YES;
				CLANG_WARN_CONSTANT_CONVERSION = YES;
				CLANG_WARN_DIRECT_OBJC_ISA_USAGE = YES_ERROR;
				CLANG_WARN_DOCUMENTATION_COMMENTS = YES;
				CLANG_WARN_EMPTY_BODY = YES;
				CLANG_WARN_ENUM_CONVERSION = YES;
				CLANG_WARN_INFINITE_RECURSION = YES;
				CLANG_WARN_INT_CONVERSION = YES;
				CLANG_WARN_NON_LITERAL_NULL_CONVERSION = YES;
				CLANG_WARN_OBJC_LITERAL_CONVERSION = YES;
				CLANG_WARN_OBJC_ROOT_CLASS = YES_ERROR;
				CLANG_WARN_RANGE_LOOP_ANALYSIS = YES;
				CLANG_WARN_STRICT_PROTOTYPES = YES;
				CLANG_WARN_SUSPICIOUS_MOVE = YES;
				CLANG_WARN_UNGUARDED_AVAILABILITY = YES_AGGRESSIVE;
				CLANG_WARN_UNREACHABLE_CODE = YES;
				CLANG_WARN__DUPLICATE_METHOD_MATCH = YES;
				CODE_SIGN_IDENTITY = "iPhone Developer";
				COPY_PHASE_STRIP = NO;
				DEBUG_INFORMATION_FORMAT = "dwarf-with-dsym";
				ENABLE_NS_ASSERTIONS = NO;
				ENABLE_STRICT_OBJC_MSGSEND = YES;
				GCC_C_LANGUAGE_STANDARD = gnu11;
				GCC_NO_COMMON_BLOCKS = YES;
				GCC_WARN_64_TO_32_BIT_CONVERSION = YES;
				GCC_WARN_ABOUT_RETURN_TYPE = YES_ERROR;
				GCC_WARN_UNDECLARED_SELECTOR = YES;
				GCC_WARN_UNINITIALIZED_AUTOS = YES_AGGRESSIVE;
				GCC_WARN_UNUSED_FUNCTION = YES;
				GCC_WARN_UNUSED_VARIABLE = YES;
				IPHONEOS_DEPLOYMENT_TARGET = 11.2;
				MTL_ENABLE_DEBUG_INFO = NO;
				SDKROOT = iphoneos;
				VALIDATE_PRODUCT = YES;
			};
			name = Release;
		};
		70C3FEE82076709800E7B9F6 /* Debug */ = {
			isa = XCBuildConfiguration;
			baseConfigurationReference = 0ABF94D969B0DD92E6DCC5E7 /* Pods-OCStudyDemo.debug.xcconfig */;
			buildSettings = {
				ASSETCATALOG_COMPILER_APPICON_NAME = AppIcon;
				CODE_SIGN_STYLE = Automatic;
				DEVELOPMENT_TEAM = X5ETWVUWDJ;
				GCC_PRECOMPILE_PREFIX_HEADER = YES;
				GCC_PREFIX_HEADER = "$(SRCROOT)/OCStudyDemo/Other/OCStudyPrefixHeader.pch";
				INFOPLIST_FILE = "$(SRCROOT)/OCStudyDemo/Other/Info.plist";
				LD_RUNPATH_SEARCH_PATHS = "$(inherited) @executable_path/Frameworks";
				PRODUCT_BUNDLE_IDENTIFIER = com.OCStudyDemo;
				PRODUCT_NAME = "$(TARGET_NAME)";
				TARGETED_DEVICE_FAMILY = "1,2";
			};
			name = Debug;
		};
		70C3FEE92076709800E7B9F6 /* Release */ = {
			isa = XCBuildConfiguration;
			baseConfigurationReference = ED897EE886AF1EB7093B738F /* Pods-OCStudyDemo.release.xcconfig */;
			buildSettings = {
				ASSETCATALOG_COMPILER_APPICON_NAME = AppIcon;
				CODE_SIGN_STYLE = Automatic;
				DEVELOPMENT_TEAM = X5ETWVUWDJ;
				GCC_PRECOMPILE_PREFIX_HEADER = YES;
				GCC_PREFIX_HEADER = "$(SRCROOT)/OCStudyDemo/Other/OCStudyPrefixHeader.pch";
				INFOPLIST_FILE = "$(SRCROOT)/OCStudyDemo/Other/Info.plist";
				LD_RUNPATH_SEARCH_PATHS = "$(inherited) @executable_path/Frameworks";
				PRODUCT_BUNDLE_IDENTIFIER = com.OCStudyDemo;
				PRODUCT_NAME = "$(TARGET_NAME)";
				TARGETED_DEVICE_FAMILY = "1,2";
			};
			name = Release;
		};
		70C3FEEB2076709800E7B9F6 /* Debug */ = {
			isa = XCBuildConfiguration;
			buildSettings = {
				BUNDLE_LOADER = "$(TEST_HOST)";
				CODE_SIGN_STYLE = Automatic;
				DEVELOPMENT_TEAM = X5ETWVUWDJ;
				INFOPLIST_FILE = OCStudyDemoTests/Info.plist;
				LD_RUNPATH_SEARCH_PATHS = "$(inherited) @executable_path/Frameworks @loader_path/Frameworks";
				PRODUCT_BUNDLE_IDENTIFIER = com.OCStudyDemoTests;
				PRODUCT_NAME = "$(TARGET_NAME)";
				TARGETED_DEVICE_FAMILY = "1,2";
				TEST_HOST = "$(BUILT_PRODUCTS_DIR)/OCStudyDemo.app/OCStudyDemo";
			};
			name = Debug;
		};
		70C3FEEC2076709800E7B9F6 /* Release */ = {
			isa = XCBuildConfiguration;
			buildSettings = {
				BUNDLE_LOADER = "$(TEST_HOST)";
				CODE_SIGN_STYLE = Automatic;
				DEVELOPMENT_TEAM = X5ETWVUWDJ;
				INFOPLIST_FILE = OCStudyDemoTests/Info.plist;
				LD_RUNPATH_SEARCH_PATHS = "$(inherited) @executable_path/Frameworks @loader_path/Frameworks";
				PRODUCT_BUNDLE_IDENTIFIER = com.OCStudyDemoTests;
				PRODUCT_NAME = "$(TARGET_NAME)";
				TARGETED_DEVICE_FAMILY = "1,2";
				TEST_HOST = "$(BUILT_PRODUCTS_DIR)/OCStudyDemo.app/OCStudyDemo";
			};
			name = Release;
		};
		70C3FEEE2076709800E7B9F6 /* Debug */ = {
			isa = XCBuildConfiguration;
			buildSettings = {
				CODE_SIGN_STYLE = Automatic;
				DEVELOPMENT_TEAM = X5ETWVUWDJ;
				INFOPLIST_FILE = OCStudyDemoUITests/Info.plist;
				LD_RUNPATH_SEARCH_PATHS = "$(inherited) @executable_path/Frameworks @loader_path/Frameworks";
				PRODUCT_BUNDLE_IDENTIFIER = com.OCStudyDemoUITests;
				PRODUCT_NAME = "$(TARGET_NAME)";
				TARGETED_DEVICE_FAMILY = "1,2";
				TEST_TARGET_NAME = OCStudyDemo;
			};
			name = Debug;
		};
		70C3FEEF2076709800E7B9F6 /* Release */ = {
			isa = XCBuildConfiguration;
			buildSettings = {
				CODE_SIGN_STYLE = Automatic;
				DEVELOPMENT_TEAM = X5ETWVUWDJ;
				INFOPLIST_FILE = OCStudyDemoUITests/Info.plist;
				LD_RUNPATH_SEARCH_PATHS = "$(inherited) @executable_path/Frameworks @loader_path/Frameworks";
				PRODUCT_BUNDLE_IDENTIFIER = com.OCStudyDemoUITests;
				PRODUCT_NAME = "$(TARGET_NAME)";
				TARGETED_DEVICE_FAMILY = "1,2";
				TEST_TARGET_NAME = OCStudyDemo;
			};
			name = Release;
		};
/* End XCBuildConfiguration section */

/* Begin XCConfigurationList section */
		70C3FEB62076709800E7B9F6 /* Build configuration list for PBXProject "OCStudyDemo" */ = {
			isa = XCConfigurationList;
			buildConfigurations = (
				70C3FEE52076709800E7B9F6 /* Debug */,
				70C3FEE62076709800E7B9F6 /* Release */,
			);
			defaultConfigurationIsVisible = 0;
			defaultConfigurationName = Release;
		};
		70C3FEE72076709800E7B9F6 /* Build configuration list for PBXNativeTarget "OCStudyDemo" */ = {
			isa = XCConfigurationList;
			buildConfigurations = (
				70C3FEE82076709800E7B9F6 /* Debug */,
				70C3FEE92076709800E7B9F6 /* Release */,
			);
			defaultConfigurationIsVisible = 0;
			defaultConfigurationName = Release;
		};
		70C3FEEA2076709800E7B9F6 /* Build configuration list for PBXNativeTarget "OCStudyDemoTests" */ = {
			isa = XCConfigurationList;
			buildConfigurations = (
				70C3FEEB2076709800E7B9F6 /* Debug */,
				70C3FEEC2076709800E7B9F6 /* Release */,
			);
			defaultConfigurationIsVisible = 0;
			defaultConfigurationName = Release;
		};
		70C3FEED2076709800E7B9F6 /* Build configuration list for PBXNativeTarget "OCStudyDemoUITests" */ = {
			isa = XCConfigurationList;
			buildConfigurations = (
				70C3FEEE2076709800E7B9F6 /* Debug */,
				70C3FEEF2076709800E7B9F6 /* Release */,
			);
			defaultConfigurationIsVisible = 0;
			defaultConfigurationName = Release;
		};
/* End XCConfigurationList section */
	};
	rootObject = 70C3FEB32076709800E7B9F6 /* Project object */;
}
